{
  "name": "@criticalmanufacturing/connect-iot-business-scenarios-agentic",
  "version": "0.0.0",
  "packages": {
    "src/connect-iot-business-scenarios-agentic": {
      "name": "@criticalmanufacturing/connect-iot-business-scenarios-agentic",
      "version": "0.0.0",
      "dependencies": {
        "cmf-lbos": "release-1124",
        "inversify": "6.0.2",
        "reflect-metadata": "0.2.2",
        "yargs": "17.7.2"
      },
      "devDependencies": {
        "@types/chai": "4.3.10",
        "@types/chai-spies": "1.0.6",
        "@types/mocha": "10.0.4",
        "@types/node": "18.14.2",
        "chai": "4.3.10",
        "chai-spies": "1.1.0",
        "mocha": "10.2.0",
        "mocha-junit-reporter": "2.2.1",
        "mocha-lcov-reporter": "1.3.0",
        "mocha-multi-reporters": "1.5.1",
        "nyc": "15.1.0",
        "tslint": "6.1.3",
        "typescript": "5.2.2"
      }
    },
    "src/connect-iot-business-scenarios-agentic/node_modules/reflect-metadata": {
      "version": "0.2.2",
      "resolved": "https://dev.criticalmanufacturing.io/repository/npm-public/reflect-metadata/-/reflect-metadata-0.2.2.tgz",
      "integrity": "sha512-urBwgfrvVP/eAyXx4hluJivBKzuEbSQs9rKWCrCkbSxNv8mxPcUZKeuoF3Uy4mJl3Lwprp6yy5/39VWigZ4K6Q==",
      "license": "Apache-2.0"
    },
    "src/connect-iot-business-scenarios-agentic/node_modules/typescript": {
      "version": "5.2.2",
      "resolved": "https://dev.criticalmanufacturing.io/repository/npm-public/typescript/-/typescript-5.2.2.tgz",
      "integrity": "sha512-mI4WrpHsbCIcwT9cF4FZvr80QUeKvsUsUvKDoR+X/7XHQH98xYD8YHZg7ANtz2GtZt/CBq2QJ0thkGJMHfqc1w==",
      "dev": true,
      "license": "Apache-2.0",
      "bin": {
        "tsc": "bin/tsc",
        "tsserver": "bin/tsserver"
      },
      "engines": {
        "node": ">=14.17"
      }
    },
    "src/connect-iot-business-scenarios-agentic/node_modules/yargs": {
      "version": "17.7.2",
      "resolved": "https://dev.criticalmanufacturing.io/repository/npm-public/yargs/-/yargs-17.7.2.tgz",
      "integrity": "sha512-7dSzzRQ++CKnNI/krKnYRV7JKKPUXMEh61soaHKg9mrWEhzFWhFnxPxGl+69cD1Ou63C13NUPCnmIcrvqCuM6w==",
      "license": "MIT",
      "dependencies": {
        "cliui": "^8.0.1",
        "escalade": "^3.1.1",
        "get-caller-file": "^2.0.5",
        "require-directory": "^2.1.1",
        "string-width": "^4.2.3",
        "y18n": "^5.0.5",
        "yargs-parser": "^21.1.1"
      },
      "engines": {
        "node": ">=12"
      }
    },
    "src/connect-iot-business-scenarios-agentic/node_modules/yargs-parser": {
      "version": "21.1.1",
      "resolved": "https://dev.criticalmanufacturing.io/repository/npm-public/yargs-parser/-/yargs-parser-21.1.1.tgz",
      "integrity": "sha512-tVpsJW7DdjecAiFpbIB1e3qxIQsE6NoPc5/eTdrbbIC4h0LVsWhnoa3g+m2HclBIujHzsxZ4VJVA+GUuc2/LBw==",
      "license": "ISC",
      "engines": {
        "node": ">=12"
      }
    },
    "node_modules/inversify": {
      "version": "6.0.2",
      "resolved": "https://dev.criticalmanufacturing.io/repository/npm-public/inversify/-/inversify-6.0.2.tgz",
      "integrity": "sha512-i9m8j/7YIv4mDuYXUAcrpKPSaju/CIly9AHK5jvCBeoiM/2KEsuCQTTP+rzSWWpLYWRukdXFSl6ZTk2/uumbiA==",
      "license": "MIT"
    },
    "node_modules/cmf-lbos": {
      "version": "11.2.3",
      "resolved": "https://dev.criticalmanufacturing.io/repository/npm-public/cmf-lbos/-/cmf-lbos-11.2.3.tgz",
      "integrity": "sha512-eYyf7Jo32YeP6UYj/5+WigBsT5a1XhnJcWZvNJga/PynO4gKk78aVZQTH1vK3dD8xctv31YWbXmEHFlZ5ni1RA==",
      "peerDependencies": {
        "moment": "^2.29.4"
      }
    },
    "node_modules/reflect-metadata": {
      "version": "0.1.13",
      "resolved": "https://dev.criticalmanufacturing.io/repository/npm-public/reflect-metadata/-/reflect-metadata-0.1.13.tgz",
      "integrity": "sha512-Ts1Y/anZELhSsjMcU605fU9RE4Oi3p5ORujwbIKXfWa+0Zxs510Qrmrce5/Jowq3cHSZSJqBjypxmHarc+vEWg==",
      "license": "Apache-2.0"
    },
    "node_modules/yargs": {
      "version": "17.6.2",
      "resolved": "https://dev.criticalmanufacturing.io/repository/npm-public/yargs/-/yargs-17.6.2.tgz",
      "integrity": "sha512-1/9UrdHjDZc0eOU0HxOHoS78C69UD3JRMvzlJ7S79S2nTaWRA/whGCTV8o9e/N/1Va9YIV7Q4sOxD8VV4pCWOw==",
      "dev": true,
      "license": "MIT",
      "dependencies": {
        "cliui": "^8.0.1",
        "escalade": "^3.1.1",
        "get-caller-file": "^2.0.5",
        "require-directory": "^2.1.1",
        "string-width": "^4.2.3",
        "y18n": "^5.0.5",
        "yargs-parser": "^21.1.1"
      },
      "engines": {
        "node": ">=12"
      }
    },
    "node_modules/yargs/node_modules/yargs-parser": {
      "version": "21.1.1",
      "resolved": "https://dev.criticalmanufacturing.io/repository/npm-public/yargs-parser/-/yargs-parser-21.1.1.tgz",
      "integrity": "sha512-tVpsJW7DdjecAiFpbIB1e3qxIQsE6NoPc5/eTdrbbIC4h0LVsWhnoa3g+m2HclBIujHzsxZ4VJVA+GUuc2/LBw==",
      "dev": true,
      "license": "ISC",
      "engines": {
        "node": ">=12"
      }
    }
  }
}
